
Microsoft Visual Studio Solution File, Format Version 12.00
# Visual Studio Version 16
VisualStudioVersion = 16.0.29905.134
MinimumVisualStudioVersion = 10.0.40219.1
Project("{8BC9CEB8-8B4A-11D0-8D11-00A0C91BC942}") = "InventorySysetm", "InventorySysetm\InventorySysetm.vcxproj", "{E3ADC666-1353-4DAB-B252-A66576CD7CC8}"
EndProject
Global
	GlobalSection(SolutionConfigurationPlatforms) = preSolution
		Debug|x64 = Debug|x64
		Debug|x86 = Debug|x86
		Release|x64 = Release|x64
		Release|x86 = Release|x86
	EndGlobalSection
	GlobalSection(ProjectConfigurationPlatforms) = postSolution
		{E3ADC666-1353-4DAB-B252-A66576CD7CC8}.Debug|x64.ActiveCfg = Debug|x64
		{E3ADC666-1353-4DAB-B252-A66576CD7CC8}.Debug|x64.Build.0 = Debug|x64
		{E3ADC666-1353-4DAB-B252-A66576CD7CC8}.Debug|x86.ActiveCfg = Debug|Win32
		{E3ADC666-1353-4DAB-B252-A66576CD7CC8}.Debug|x86.Build.0 = Debug|Win32
		{E3ADC666-1353-4DAB-B252-A66576CD7CC8}.Release|x64.ActiveCfg = Release|x64
		{E3ADC666-1353-4DAB-B252-A66576CD7CC8}.Release|x64.Build.0 = Release|x64
		{E3ADC666-1353-4DAB-B252-A66576CD7CC8}.Release|x86.ActiveCfg = Release|Win32
		{E3ADC666-1353-4DAB-B252-A66576CD7CC8}.Release|x86.Build.0 = Release|Win32
	EndGlobalSection
	GlobalSection(SolutionProperties) = preSolution
		HideSolutionNode = FALSE
	EndGlobalSection
	GlobalSection(ExtensibilityGlobals) = postSolution
		SolutionGuid = {3B14BC6A-2D98-4E9D-BF46-256B236A6C38}
	EndGlobalSection
EndGlobal
